// !$*UTF8*$!
{
	archiveVersion = 1;
	classes = {
	};
	objectVersion = 46;
	objects = {

/* Begin PBXBuildFile section */
		AE1709BE1EABF963001F4414 /* ChatCell.swift in Sources */ = {isa = PBXBuildFile; fileRef = AE1709BD1EABF963001F4414 /* ChatCell.swift */; };
		AE20AA031EAB0ED300EDCAB3 /* AppDelegate.swift in Sources */ = {isa = PBXBuildFile; fileRef = AE20AA021EAB0ED300EDCAB3 /* AppDelegate.swift */; };
		AE20AA081EAB0ED300EDCAB3 /* Main.storyboard in Resources */ = {isa = PBXBuildFile; fileRef = AE20AA061EAB0ED300EDCAB3 /* Main.storyboard */; };
		AE20AA0A1EAB0ED300EDCAB3 /* Assets.xcassets in Resources */ = {isa = PBXBuildFile; fileRef = AE20AA091EAB0ED300EDCAB3 /* Assets.xcassets */; };
		AE20AA0D1EAB0ED400EDCAB3 /* LaunchScreen.storyboard in Resources */ = {isa = PBXBuildFile; fileRef = AE20AA0B1EAB0ED400EDCAB3 /* LaunchScreen.storyboard */; };
		AE20AA151EAB0F0800EDCAB3 /* CollectionViewController.swift in Sources */ = {isa = PBXBuildFile; fileRef = AE20AA141EAB0F0700EDCAB3 /* CollectionViewController.swift */; };
		AE20AA171EAB135600EDCAB3 /* Header.swift in Sources */ = {isa = PBXBuildFile; fileRef = AE20AA161EAB135600EDCAB3 /* Header.swift */; };
		AE20AA191EAB31FD00EDCAB3 /* ChatInputView.swift in Sources */ = {isa = PBXBuildFile; fileRef = AE20AA181EAB31FD00EDCAB3 /* ChatInputView.swift */; };
		AED0B4E31EACB33A00075E4D /* 78.png in Resources */ = {isa = PBXBuildFile; fileRef = AED0B4E21EACB33A00075E4D /* 78.png */; };
/* End PBXBuildFile section */

/* Begin PBXFileReference section */
		AE1709BD1EABF963001F4414 /* ChatCell.swift */ = {isa = PBXFileReference; fileEncoding = 4; lastKnownFileType = sourcecode.swift; path = ChatCell.swift; sourceTree = "<group>"; };
		AE20A9FF1EAB0ED300EDCAB3 /* Chat-UI.app */ = {isa = PBXFileReference; explicitFileType = wrapper.application; includeInIndex = 0; path = "Chat-UI.app"; sourceTree = BUILT_PRODUCTS_DIR; };
		AE20AA021EAB0ED300EDCAB3 /* AppDelegate.swift */ = {isa = PBXFileReference; lastKnownFileType = sourcecode.swift; path = AppDelegate.swift; sourceTree = "<group>"; };
		AE20AA071EAB0ED300EDCAB3 /* Base */ = {isa = PBXFileReference; lastKnownFileType = file.storyboard; name = Base; path = Base.lproj/Main.storyboard; sourceTree = "<group>"; };
		AE20AA091EAB0ED300EDCAB3 /* Assets.xcassets */ = {isa = PBXFileReference; lastKnownFileType = folder.assetcatalog; path = Assets.xcassets; sourceTree = "<group>"; };
		AE20AA0C1EAB0ED400EDCAB3 /* Base */ = {isa = PBXFileReference; lastKnownFileType = file.storyboard; name = Base; path = Base.lproj/LaunchScreen.storyboard; sourceTree = "<group>"; };
		AE20AA0E1EAB0ED400EDCAB3 /* Info.plist */ = {isa = PBXFileReference; lastKnownFileType = text.plist.xml; path = Info.plist; sourceTree = "<group>"; };
		AE20AA141EAB0F0700EDCAB3 /* CollectionViewController.swift */ = {isa = PBXFileReference; fileEncoding = 4; lastKnownFileType = sourcecode.swift; path = CollectionViewController.swift; sourceTree = "<group>"; };
		AE20AA161EAB135600EDCAB3 /* Header.swift */ = {isa = PBXFileReference; fileEncoding = 4; lastKnownFileType = sourcecode.swift; path = Header.swift; sourceTree = "<group>"; };
		AE20AA181EAB31FD00EDCAB3 /* ChatInputView.swift */ = {isa = PBXFileReference; fileEncoding = 4; lastKnownFileType = sourcecode.swift; path = ChatInputView.swift; sourceTree = "<group>"; };
		AED0B4E21EACB33A00075E4D /* 78.png */ = {isa = PBXFileReference; lastKnownFileType = image.png; path = 78.png; sourceTree = "<group>"; };
/* End PBXFileReference section */

/* Begin PBXFrameworksBuildPhase section */
		AE20A9FC1EAB0ED100EDCAB3 /* Frameworks */ = {
			isa = PBXFrameworksBuildPhase;
			buildActionMask = 2147483647;
			files = (
			);
			runOnlyForDeploymentPostprocessing = 0;
		};
/* End PBXFrameworksBuildPhase section */

/* Begin PBXGroup section */
		AE20A9F61EAB0ED100EDCAB3 = {
			isa = PBXGroup;
			children = (
				AE20AA011EAB0ED300EDCAB3 /* Chat-UI */,
				AE20AA001EAB0ED300EDCAB3 /* Products */,
			);
			sourceTree = "<group>";
		};
		AE20AA001EAB0ED300EDCAB3 /* Products */ = {
			isa = PBXGroup;
			children = (
				AE20A9FF1EAB0ED300EDCAB3 /* Chat-UI.app */,
			);
			name = Products;
			sourceTree = "<group>";
		};
		AE20AA011EAB0ED300EDCAB3 /* Chat-UI */ = {
			isa = PBXGroup;
			children = (
				AE20AA021EAB0ED300EDCAB3 /* AppDelegate.swift */,
				AE20AA161EAB135600EDCAB3 /* Header.swift */,
				AE20AA181EAB31FD00EDCAB3 /* ChatInputView.swift */,
				AE1709BD1EABF963001F4414 /* ChatCell.swift */,
				AE20AA141EAB0F0700EDCAB3 /* CollectionViewController.swift */,
				AE20AA061EAB0ED300EDCAB3 /* Main.storyboard */,
				AE20AA091EAB0ED300EDCAB3 /* Assets.xcassets */,
				AED0B4E21EACB33A00075E4D /* 78.png */,
				AE20AA0B1EAB0ED400EDCAB3 /* LaunchScreen.storyboard */,
				AE20AA0E1EAB0ED400EDCAB3 /* Info.plist */,
			);
			path = "Chat-UI";
			sourceTree = "<group>";
		};
/* End PBXGroup section */

/* Begin PBXNativeTarget section */
		AE20A9FE1EAB0ED100EDCAB3 /* Chat-UI */ = {
			isa = PBXNativeTarget;
			buildConfigurationList = AE20AA111EAB0ED400EDCAB3 /* Build configuration list for PBXNativeTarget "Chat-UI" */;
			buildPhases = (
				AE20A9FB1EAB0ED100EDCAB3 /* Sources */,
				AE20A9FC1EAB0ED100EDCAB3 /* Frameworks */,
				AE20A9FD1EAB0ED100EDCAB3 /* Resources */,
			);
			buildRules = (
			);
			dependencies = (
			);
			name = "Chat-UI";
			productName = "Chat-UI";
			productReference = AE20A9FF1EAB0ED300EDCAB3 /* Chat-UI.app */;
			productType = "com.apple.product-type.application";
		};
/* End PBXNativeTarget section */

/* Begin PBXProject section */
		AE20A9F71EAB0ED100EDCAB3 /* Project object */ = {
			isa = PBXProject;
			attributes = {
				LastSwiftUpdateCheck = 0820;
				LastUpgradeCheck = 0820;
				ORGANIZATIONNAME = Pavan;
				TargetAttributes = {
					AE20A9FE1EAB0ED100EDCAB3 = {
						CreatedOnToolsVersion = 8.2.1;
						ProvisioningStyle = Manual;
					};
				};
			};
			buildConfigurationList = AE20A9FA1EAB0ED100EDCAB3 /* Build configuration list for PBXProject "Chat-UI" */;
			compatibilityVersion = "Xcode 3.2";
			developmentRegion = English;
			hasScannedForEncodings = 0;
			knownRegions = (
				en,
				Base,
			);
			mainGroup = AE20A9F61EAB0ED100EDCAB3;
			productRefGroup = AE20AA001EAB0ED300EDCAB3 /* Products */;
			projectDirPath = "";
			projectRoot = "";
			targets = (
				AE20A9FE1EAB0ED100EDCAB3 /* Chat-UI */,
			);
		};
/* End PBXProject section */

/* Begin PBXResourcesBuildPhase section */
		AE20A9FD1EAB0ED100EDCAB3 /* Resources */ = {
			isa = PBXResourcesBuildPhase;
			buildActionMask = 2147483647;
			files = (
				AED0B4E31EACB33A00075E4D /* 78.png in Resources */,
				AE20AA0D1EAB0ED400EDCAB3 /* LaunchScreen.storyboard in Resources */,
				AE20AA0A1EAB0ED300EDCAB3 /* Assets.xcassets in Resources */,
				AE20AA081EAB0ED300EDCAB3 /* Main.storyboard in Resources */,
			);
			runOnlyForDeploymentPostprocessing = 0;
		};
/* End PBXResourcesBuildPhase section */

/* Begin PBXSourcesBuildPhase section */
		AE20A9FB1EAB0ED100EDCAB3 /* Sources */ = {
			isa = PBXSourcesBuildPhase;
			buildActionMask = 2147483647;
			files = (
				AE20AA151EAB0F0800EDCAB3 /* CollectionViewController.swift in Sources */,
				AE20AA191EAB31FD00EDCAB3 /* ChatInputView.swift in Sources */,
				AE20AA171EAB135600EDCAB3 /* Header.swift in Sources */,
				AE1709BE1EABF963001F4414 /* ChatCell.swift in Sources */,
				AE20AA031EAB0ED300EDCAB3 /* AppDelegate.swift in Sources */,
			);
			runOnlyForDeploymentPostprocessing = 0;
		};
/* End PBXSourcesBuildPhase section */

/* Begin PBXVariantGroup section */
		AE20AA061EAB0ED300EDCAB3 /* Main.storyboard */ = {
			isa = PBXVariantGroup;
			children = (
				AE20AA071EAB0ED300EDCAB3 /* Base */,
			);
			name = Main.storyboard;
			sourceTree = "<group>";
		};
		AE20AA0B1EAB0ED400EDCAB3 /* LaunchScreen.storyboard */ = {
			isa = PBXVariantGroup;
			children = (
				AE20AA0C1EAB0ED400EDCAB3 /* Base */,
			);
			name = LaunchScreen.storyboard;
			sourceTree = "<group>";
		};
/* End PBXVariantGroup section */

/* Begin XCBuildConfiguration section */
		AE20AA0F1EAB0ED400EDCAB3 /* Debug */ = {
			isa = XCBuildConfiguration;
			buildSettings = {
				ALWAYS_SEARCH_USER_PATHS = NO;
				CLANG_ANALYZER_NONNULL = YES;
				CLANG_CXX_LANGUAGE_STANDARD = "gnu++0x";
				CLANG_CXX_LIBRARY = "libc++";
				CLANG_ENABLE_MODULES = YES;
				CLANG_ENABLE_OBJC_ARC = YES;
				CLANG_WARN_BOOL_CONVERSION = YES;
				CLANG_WARN_CONSTANT_CONVERSION = YES;
				CLANG_WARN_DIRECT_OBJC_ISA_USAGE = YES_ERROR;
				CLANG_WARN_DOCUMENTATION_COMMENTS = YES;
				CLANG_WARN_EMPTY_BODY = YES;
				CLANG_WARN_ENUM_CONVERSION = YES;
				CLANG_WARN_INFINITE_RECURSION = YES;
				CLANG_WARN_INT_CONVERSION = YES;
				CLANG_WARN_OBJC_ROOT_CLASS = YES_ERROR;
				CLANG_WARN_SUSPICIOUS_MOVE = YES;
				CLANG_WARN_UNREACHABLE_CODE = YES;
				CLANG_WARN__DUPLICATE_METHOD_MATCH = YES;
				"CODE_SIGN_IDENTITY[sdk=iphoneos*]" = "iPhone Developer";
				COPY_PHASE_STRIP = NO;
				DEBUG_INFORMATION_FORMAT = dwarf;
				ENABLE_STRICT_OBJC_MSGSEND = YES;
				ENABLE_TESTABILITY = YES;
				GCC_C_LANGUAGE_STANDARD = gnu99;
				GCC_DYNAMIC_NO_PIC = NO;
				GCC_NO_COMMON_BLOCKS = YES;
				GCC_OPTIMIZATION_LEVEL = 0;
				GCC_PREPROCESSOR_DEFINITIONS = (
					"DEBUG=1",
					"$(inherited)",
				);
				GCC_WARN_64_TO_32_BIT_CONVERSION = YES;
				GCC_WARN_ABOUT_RETURN_TYPE = YES_ERROR;
				GCC_WARN_UNDECLARED_SELECTOR = YES;
				GCC_WARN_UNINITIALIZED_AUTOS = YES_AGGRESSIVE;
				GCC_WARN_UNUSED_FUNCTION = YES;
				GCC_WARN_UNUSED_VARIABLE = YES;
				IPHONEOS_DEPLOYMENT_TARGET = 10.2;
				MTL_ENABLE_DEBUG_INFO = YES;
				ONLY_ACTIVE_ARCH = YES;
				SDKROOT = iphoneos;
				SWIFT_ACTIVE_COMPILATION_CONDITIONS = DEBUG;
				SWIFT_OPTIMIZATION_LEVEL = "-Onone";
				TARGETED_DEVICE_FAMILY = "1,2";
			};
			name = Debug;
		};
		AE20AA101EAB0ED400EDCAB3 /* Release */ = {
			isa = XCBuildConfiguration;
			buildSettings = {
				ALWAYS_SEARCH_USER_PATHS = NO;
				CLANG_ANALYZER_NONNULL = YES;
				CLANG_CXX_LANGUAGE_STANDARD = "gnu++0x";
				CLANG_CXX_LIBRARY = "libc++";
				CLANG_ENABLE_MODULES = YES;
				CLANG_ENABLE_OBJC_ARC = YES;
				CLANG_WARN_BOOL_CONVERSION = YES;
				CLANG_WARN_CONSTANT_CONVERSION = YES;
				CLANG_WARN_DIRECT_OBJC_ISA_USAGE = YES_ERROR;
				CLANG_WARN_DOCUMENTATION_COMMENTS = YES;
				CLANG_WARN_EMPTY_BODY = YES;
				CLANG_WARN_ENUM_CONVERSION = YES;
				CLANG_WARN_INFINITE_RECURSION = YES;
				CLANG_WARN_INT_CONVERSION = YES;
				CLANG_WARN_OBJC_ROOT_CLASS = YES_ERROR;
				CLANG_WARN_SUSPICIOUS_MOVE = YES;
				CLANG_WARN_UNREACHABLE_CODE = YES;
				CLANG_WARN__DUPLICATE_METHOD_MATCH = YES;
				"CODE_SIGN_IDENTITY[sdk=iphoneos*]" = "iPhone Developer";
				COPY_PHASE_STRIP = NO;
				DEBUG_INFORMATION_FORMAT = "dwarf-with-dsym";
				ENABLE_NS_ASSERTIONS = NO;
				ENABLE_STRICT_OBJC_MSGSEND = YES;
				GCC_C_LANGUAGE_STANDARD = gnu99;
				GCC_NO_COMMON_BLOCKS = YES;
				GCC_WARN_64_TO_32_BIT_CONVERSION = YES;
				GCC_WARN_ABOUT_RETURN_TYPE = YES_ERROR;
				GCC_WARN_UNDECLARED_SELECTOR = YES;
				GCC_WARN_UNINITIALIZED_AUTOS = YES_AGGRESSIVE;
				GCC_WARN_UNUSED_FUNCTION = YES;
				GCC_WARN_UNUSED_VARIABLE = YES;
				IPHONEOS_DEPLOYMENT_TARGET = 10.2;
				MTL_ENABLE_DEBUG_INFO = NO;
				SDKROOT = iphoneos;
				SWIFT_OPTIMIZATION_LEVEL = "-Owholemodule";
				TARGETED_DEVICE_FAMILY = "1,2";
				VALIDATE_PRODUCT = YES;
			};
			name = Release;
		};
		AE20AA121EAB0ED400EDCAB3 /* Debug */ = {
			isa = XCBuildConfiguration;
			buildSettings = {
				ASSETCATALOG_COMPILER_APPICON_NAME = AppIcon;
				DEVELOPMENT_TEAM = "";
				INFOPLIST_FILE = "Chat-UI/Info.plist";
				LD_RUNPATH_SEARCH_PATHS = "$(inherited) @executable_path/Frameworks";
				PRODUCT_BUNDLE_IDENTIFIER = "Pavan.Chat-UI";
				PRODUCT_NAME = "$(TARGET_NAME)";
				SWIFT_VERSION = 3.0;
			};
			name = Debug;
		};
		AE20AA131EAB0ED400EDCAB3 /* Release */ = {
			isa = XCBuildConfiguration;
			buildSettings = {
				ASSETCATALOG_COMPILER_APPICON_NAME = AppIcon;
				DEVELOPMENT_TEAM = "";
				INFOPLIST_FILE = "Chat-UI/Info.plist";
				LD_RUNPATH_SEARCH_PATHS = "$(inherited) @executable_path/Frameworks";
				PRODUCT_BUNDLE_IDENTIFIER = "Pavan.Chat-UI";
				PRODUCT_NAME = "$(TARGET_NAME)";
				SWIFT_VERSION = 3.0;
			};
			name = Release;
		};
/* End XCBuildConfiguration section */

/* Begin XCConfigurationList section */
		AE20A9FA1EAB0ED100EDCAB3 /* Build configuration list for PBXProject "Chat-UI" */ = {
			isa = XCConfigurationList;
			buildConfigurations = (
				AE20AA0F1EAB0ED400EDCAB3 /* Debug */,
				AE20AA101EAB0ED400EDCAB3 /* Release */,
			);
			defaultConfigurationIsVisible = 0;
			defaultConfigurationName = Release;
		};
		AE20AA111EAB0ED400EDCAB3 /* Build configuration list for PBXNativeTarget "Chat-UI" */ = {
			isa = XCConfigurationList;
			buildConfigurations = (
				AE20AA121EAB0ED400EDCAB3 /* Debug */,
				AE20AA131EAB0ED400EDCAB3 /* Release */,
			);
			defaultConfigurationIsVisible = 0;
			defaultConfigurationName = Release;
		};
/* End XCConfigurationList section */
	};
	rootObject = AE20A9F71EAB0ED100EDCAB3 /* Project object */;
}
